
Microsoft Visual Studio Solution File, Format Version 12.00
# Visual Studio Version 17
VisualStudioVersion = 17.7.34024.191
MinimumVisualStudioVersion = 10.0.40219.1
Project("{FAE04EC0-301F-11D3-BF4B-00C04F79EFBC}") = "WebBot2", "WebBot2\WebBot2.csproj", "{9AFF8B4E-9100-45D0-B70B-6E09DFCC39FF}"
EndProject
Global
	GlobalSection(SolutionConfigurationPlatforms) = preSolution
		Debug|Any CPU = Debug|Any CPU
		Release|Any CPU = Release|Any CPU
	EndGlobalSection
	GlobalSection(ProjectConfigurationPlatforms) = postSolution
		{9AFF8B4E-9100-45D0-B70B-6E09DFCC39FF}.Debug|Any CPU.ActiveCfg = Debug|Any CPU
		{9AFF8B4E-9100-45D0-B70B-6E09DFCC39FF}.Debug|Any CPU.Build.0 = Debug|Any CPU
		{9AFF8B4E-9100-45D0-B70B-6E09DFCC39FF}.Release|Any CPU.ActiveCfg = Release|Any CPU
		{9AFF8B4E-9100-45D0-B70B-6E09DFCC39FF}.Release|Any CPU.Build.0 = Release|Any CPU
	EndGlobalSection
	GlobalSection(SolutionProperties) = preSolution
		HideSolutionNode = FALSE
	EndGlobalSection
	GlobalSection(ExtensibilityGlobals) = postSolution
		SolutionGuid = {DAA3B556-BEAB-404C-86E7-5AECEE4784C0}
	EndGlobalSection
EndGlobal
